
Microsoft Visual Studio Solution File, Format Version 12.00
# Visual Studio 15
VisualStudioVersion = 15.0.27703.2000
MinimumVisualStudioVersion = 10.0.40219.1
Project("{E24C65DC-7377-472B-9ABA-BC803B73C61A}") = "Publicacao", "Publicacao\", "{939EB00B-927E-462B-82F9-477DDA7C92E3}"
	ProjectSection(WebsiteProperties) = preProject
		TargetFrameworkMoniker = ".NETFramework,Version%3Dv4.6.1"
		Debug.AspNetCompiler.VirtualPath = "/localhost_56696"
		Debug.AspNetCompiler.PhysicalPath = "Publicacao\"
		Debug.AspNetCompiler.TargetPath = "PrecompiledWeb\localhost_56696\"
		Debug.AspNetCompiler.Updateable = "true"
		Debug.AspNetCompiler.ForceOverwrite = "true"
		Debug.AspNetCompiler.FixedNames = "false"
		Debug.AspNetCompiler.Debug = "True"
		Release.AspNetCompiler.VirtualPath = "/localhost_56696"
		Release.AspNetCompiler.PhysicalPath = "Publicacao\"
		Release.AspNetCompiler.TargetPath = "PrecompiledWeb\localhost_56696\"
		Release.AspNetCompiler.Updateable = "true"
		Release.AspNetCompiler.ForceOverwrite = "true"
		Release.AspNetCompiler.FixedNames = "false"
		Release.AspNetCompiler.Debug = "False"
		VWDPort = "56696"
		SlnRelativePath = "Publicacao\"
		DefaultWebSiteLanguage = "Visual C#"
	EndProjectSection
EndProject
Global
	GlobalSection(SolutionConfigurationPlatforms) = preSolution
		Debug|Any CPU = Debug|Any CPU
	EndGlobalSection
	GlobalSection(ProjectConfigurationPlatforms) = postSolution
		{939EB00B-927E-462B-82F9-477DDA7C92E3}.Debug|Any CPU.ActiveCfg = Debug|Any CPU
		{939EB00B-927E-462B-82F9-477DDA7C92E3}.Debug|Any CPU.Build.0 = Debug|Any CPU
	EndGlobalSection
	GlobalSection(SolutionProperties) = preSolution
		HideSolutionNode = FALSE
	EndGlobalSection
	GlobalSection(ExtensibilityGlobals) = postSolution
		SolutionGuid = {D802B282-A5F4-4630-93D2-74F8E62A5991}
	EndGlobalSection
EndGlobal
